github.com/corentings/chess v0.0.0-20241113092200-3f44c4e3e959 h1:B5Fq6d2MB3li9PXDkm3hR7iMOCgJS6m+igsjtGe2iHA=
github.com/corentings/chess v0.0.0-20241113092200-3f44c4e3e959/go.mod h1:JBpJId2nojl6rPpbdVJn7FZOATH0Z28vaU+BEp9ttKA=
github.com/jroimartin/gocui v0.5.0 h1:DCZc97zY9dMnHXJSJLLmx9VqiEnAj0yh0eTNpuEtG/4=
github.com/jroimartin/gocui v0.5.0/go.mod h1:l7Hz8DoYoL6NoYnlnaX6XCNR62G7J5FfSW5jEogzaxE=
github.com/mattn/go-runewidth v0.0.9 h1:Lm995f3rfxdpd6TSmuVCHVb/QhupuXlYr8sCI/QdE+0=
github.com/mattn/go-runewidth v0.0.9/go.mod h1:H031xJmbD/WCDINGzjvQ9THkh0rPKHF+m2gUSrubnMI=
github.com/nsf/termbox-go v1.1.1 h1:nksUPLCb73Q++DwbYUBEglYBRPZyoXJdrj5L+TkjyZY=
github.com/nsf/termbox-go v1.1.1/go.mod h1:T0cTdVuOwf7pHQNtfhnEbzHbcNyCEcVU4YPpouCbVxo=
